// !$*UTF8*$!
{
	archiveVersion = 1;
	classes = {
	};
	objectVersion = 55;
	objects = {

/* Begin PBXBuildFile section */
		3FB324DC27AC47D500F87E70 /* AppDelegate.swift in Sources */ = {isa = PBXBuildFile; fileRef = 3FB324DB27AC47D500F87E70 /* AppDelegate.swift */; };
		3FB324DE27AC47D500F87E70 /* SceneDelegate.swift in Sources */ = {isa = PBXBuildFile; fileRef = 3FB324DD27AC47D500F87E70 /* SceneDelegate.swift */; };
		3FB324E027AC47D500F87E70 /* ViewController.swift in Sources */ = {isa = PBXBuildFile; fileRef = 3FB324DF27AC47D500F87E70 /* ViewController.swift */; };
		3FB324E327AC47D500F87E70 /* Main.storyboard in Resources */ = {isa = PBXBuildFile; fileRef = 3FB324E127AC47D500F87E70 /* Main.storyboard */; };
		3FB324E527AC47D800F87E70 /* Assets.xcassets in Resources */ = {isa = PBXBuildFile; fileRef = 3FB324E427AC47D800F87E70 /* Assets.xcassets */; };
		3FB324E827AC47D800F87E70 /* LaunchScreen.storyboard in Resources */ = {isa = PBXBuildFile; fileRef = 3FB324E627AC47D800F87E70 /* LaunchScreen.storyboard */; };
		3FB324F427AC4AF500F87E70 /* Course.swift in Sources */ = {isa = PBXBuildFile; fileRef = 3FB324F327AC4AF500F87E70 /* Course.swift */; };
		3FB324F627AC4B1200F87E70 /* CourseViewModel.swift in Sources */ = {isa = PBXBuildFile; fileRef = 3FB324F527AC4B1200F87E70 /* CourseViewModel.swift */; };
		3FB324F827AC4B4100F87E70 /* CourseView.swift in Sources */ = {isa = PBXBuildFile; fileRef = 3FB324F727AC4B4100F87E70 /* CourseView.swift */; };
		3FB324FA27AC4B6000F87E70 /* CoursesController.swift in Sources */ = {isa = PBXBuildFile; fileRef = 3FB324F927AC4B6000F87E70 /* CoursesController.swift */; };
		3FB324FC27AC4B8900F87E70 /* Service.swift in Sources */ = {isa = PBXBuildFile; fileRef = 3FB324FB27AC4B8900F87E70 /* Service.swift */; };
		3FB3250427AC4F5400F87E70 /* MVVMTableAndTestTests.swift in Sources */ = {isa = PBXBuildFile; fileRef = 3FB3250327AC4F5400F87E70 /* MVVMTableAndTestTests.swift */; };
/* End PBXBuildFile section */

/* Begin PBXContainerItemProxy section */
		3FB3250527AC4F5400F87E70 /* PBXContainerItemProxy */ = {
			isa = PBXContainerItemProxy;
			containerPortal = 3FB324D027AC47D500F87E70 /* Project object */;
			proxyType = 1;
			remoteGlobalIDString = 3FB324D727AC47D500F87E70;
			remoteInfo = MVVMTableAndTest;
		};
/* End PBXContainerItemProxy section */

/* Begin PBXFileReference section */
		3FB324D827AC47D500F87E70 /* MVVMTableAndTest.app */ = {isa = PBXFileReference; explicitFileType = wrapper.application; includeInIndex = 0; path = MVVMTableAndTest.app; sourceTree = BUILT_PRODUCTS_DIR; };
		3FB324DB27AC47D500F87E70 /* AppDelegate.swift */ = {isa = PBXFileReference; lastKnownFileType = sourcecode.swift; path = AppDelegate.swift; sourceTree = "<group>"; };
		3FB324DD27AC47D500F87E70 /* SceneDelegate.swift */ = {isa = PBXFileReference; lastKnownFileType = sourcecode.swift; path = SceneDelegate.swift; sourceTree = "<group>"; };
		3FB324DF27AC47D500F87E70 /* ViewController.swift */ = {isa = PBXFileReference; lastKnownFileType = sourcecode.swift; path = ViewController.swift; sourceTree = "<group>"; };
		3FB324E227AC47D500F87E70 /* Base */ = {isa = PBXFileReference; lastKnownFileType = file.storyboard; name = Base; path = Base.lproj/Main.storyboard; sourceTree = "<group>"; };
		3FB324E427AC47D800F87E70 /* Assets.xcassets */ = {isa = PBXFileReference; lastKnownFileType = folder.assetcatalog; path = Assets.xcassets; sourceTree = "<group>"; };
		3FB324E727AC47D800F87E70 /* Base */ = {isa = PBXFileReference; lastKnownFileType = file.storyboard; name = Base; path = Base.lproj/LaunchScreen.storyboard; sourceTree = "<group>"; };
		3FB324E927AC47D800F87E70 /* Info.plist */ = {isa = PBXFileReference; lastKnownFileType = text.plist.xml; path = Info.plist; sourceTree = "<group>"; };
		3FB324F327AC4AF500F87E70 /* Course.swift */ = {isa = PBXFileReference; lastKnownFileType = sourcecode.swift; path = Course.swift; sourceTree = "<group>"; };
		3FB324F527AC4B1200F87E70 /* CourseViewModel.swift */ = {isa = PBXFileReference; lastKnownFileType = sourcecode.swift; path = CourseViewModel.swift; sourceTree = "<group>"; };
		3FB324F727AC4B4100F87E70 /* CourseView.swift */ = {isa = PBXFileReference; lastKnownFileType = sourcecode.swift; path = CourseView.swift; sourceTree = "<group>"; };
		3FB324F927AC4B6000F87E70 /* CoursesController.swift */ = {isa = PBXFileReference; lastKnownFileType = sourcecode.swift; path = CoursesController.swift; sourceTree = "<group>"; };
		3FB324FB27AC4B8900F87E70 /* Service.swift */ = {isa = PBXFileReference; lastKnownFileType = sourcecode.swift; path = Service.swift; sourceTree = "<group>"; };
		3FB3250127AC4F5400F87E70 /* MVVMTableAndTestTests.xctest */ = {isa = PBXFileReference; explicitFileType = wrapper.cfbundle; includeInIndex = 0; path = MVVMTableAndTestTests.xctest; sourceTree = BUILT_PRODUCTS_DIR; };
		3FB3250327AC4F5400F87E70 /* MVVMTableAndTestTests.swift */ = {isa = PBXFileReference; lastKnownFileType = sourcecode.swift; path = MVVMTableAndTestTests.swift; sourceTree = "<group>"; };
/* End PBXFileReference section */

/* Begin PBXFrameworksBuildPhase section */
		3FB324D527AC47D500F87E70 /* Frameworks */ = {
			isa = PBXFrameworksBuildPhase;
			buildActionMask = 2147483647;
			files = (
			);
			runOnlyForDeploymentPostprocessing = 0;
		};
		3FB324FE27AC4F5400F87E70 /* Frameworks */ = {
			isa = PBXFrameworksBuildPhase;
			buildActionMask = 2147483647;
			files = (
			);
			runOnlyForDeploymentPostprocessing = 0;
		};
/* End PBXFrameworksBuildPhase section */

/* Begin PBXGroup section */
		3FB324CF27AC47D500F87E70 = {
			isa = PBXGroup;
			children = (
				3FB324DA27AC47D500F87E70 /* MVVMTableAndTest */,
				3FB3250227AC4F5400F87E70 /* MVVMTableAndTestTests */,
				3FB324D927AC47D500F87E70 /* Products */,
			);
			sourceTree = "<group>";
		};
		3FB324D927AC47D500F87E70 /* Products */ = {
			isa = PBXGroup;
			children = (
				3FB324D827AC47D500F87E70 /* MVVMTableAndTest.app */,
				3FB3250127AC4F5400F87E70 /* MVVMTableAndTestTests.xctest */,
			);
			name = Products;
			sourceTree = "<group>";
		};
		3FB324DA27AC47D500F87E70 /* MVVMTableAndTest */ = {
			isa = PBXGroup;
			children = (
				3FB324F227AC48BD00F87E70 /* Controller */,
				3FB324F127AC48AB00F87E70 /* ViewModel */,
				3FB324F027AC489800F87E70 /* View */,
				3FB324EF27AC488900F87E70 /* Model */,
				3FB324DB27AC47D500F87E70 /* AppDelegate.swift */,
				3FB324FB27AC4B8900F87E70 /* Service.swift */,
				3FB324DD27AC47D500F87E70 /* SceneDelegate.swift */,
				3FB324DF27AC47D500F87E70 /* ViewController.swift */,
				3FB324E127AC47D500F87E70 /* Main.storyboard */,
				3FB324E427AC47D800F87E70 /* Assets.xcassets */,
				3FB324E627AC47D800F87E70 /* LaunchScreen.storyboard */,
				3FB324E927AC47D800F87E70 /* Info.plist */,
			);
			path = MVVMTableAndTest;
			sourceTree = "<group>";
		};
		3FB324EF27AC488900F87E70 /* Model */ = {
			isa = PBXGroup;
			children = (
				3FB324F327AC4AF500F87E70 /* Course.swift */,
			);
			path = Model;
			sourceTree = "<group>";
		};
		3FB324F027AC489800F87E70 /* View */ = {
			isa = PBXGroup;
			children = (
				3FB324F727AC4B4100F87E70 /* CourseView.swift */,
			);
			path = View;
			sourceTree = "<group>";
		};
		3FB324F127AC48AB00F87E70 /* ViewModel */ = {
			isa = PBXGroup;
			children = (
				3FB324F527AC4B1200F87E70 /* CourseViewModel.swift */,
			);
			path = ViewModel;
			sourceTree = "<group>";
		};
		3FB324F227AC48BD00F87E70 /* Controller */ = {
			isa = PBXGroup;
			children = (
				3FB324F927AC4B6000F87E70 /* CoursesController.swift */,
			);
			path = Controller;
			sourceTree = "<group>";
		};
		3FB3250227AC4F5400F87E70 /* MVVMTableAndTestTests */ = {
			isa = PBXGroup;
			children = (
				3FB3250327AC4F5400F87E70 /* MVVMTableAndTestTests.swift */,
			);
			path = MVVMTableAndTestTests;
			sourceTree = "<group>";
		};
/* End PBXGroup section */

/* Begin PBXNativeTarget section */
		3FB324D727AC47D500F87E70 /* MVVMTableAndTest */ = {
			isa = PBXNativeTarget;
			buildConfigurationList = 3FB324EC27AC47D800F87E70 /* Build configuration list for PBXNativeTarget "MVVMTableAndTest" */;
			buildPhases = (
				3FB324D427AC47D500F87E70 /* Sources */,
				3FB324D527AC47D500F87E70 /* Frameworks */,
				3FB324D627AC47D500F87E70 /* Resources */,
			);
			buildRules = (
			);
			dependencies = (
			);
			name = MVVMTableAndTest;
			productName = MVVMTableAndTest;
			productReference = 3FB324D827AC47D500F87E70 /* MVVMTableAndTest.app */;
			productType = "com.apple.product-type.application";
		};
		3FB3250027AC4F5400F87E70 /* MVVMTableAndTestTests */ = {
			isa = PBXNativeTarget;
			buildConfigurationList = 3FB3250727AC4F5400F87E70 /* Build configuration list for PBXNativeTarget "MVVMTableAndTestTests" */;
			buildPhases = (
				3FB324FD27AC4F5400F87E70 /* Sources */,
				3FB324FE27AC4F5400F87E70 /* Frameworks */,
				3FB324FF27AC4F5400F87E70 /* Resources */,
			);
			buildRules = (
			);
			dependencies = (
				3FB3250627AC4F5400F87E70 /* PBXTargetDependency */,
			);
			name = MVVMTableAndTestTests;
			productName = MVVMTableAndTestTests;
			productReference = 3FB3250127AC4F5400F87E70 /* MVVMTableAndTestTests.xctest */;
			productType = "com.apple.product-type.bundle.unit-test";
		};
/* End PBXNativeTarget section */

/* Begin PBXProject section */
		3FB324D027AC47D500F87E70 /* Project object */ = {
			isa = PBXProject;
			attributes = {
				BuildIndependentTargetsInParallel = 1;
				LastSwiftUpdateCheck = 1320;
				LastUpgradeCheck = 1320;
				TargetAttributes = {
					3FB324D727AC47D500F87E70 = {
						CreatedOnToolsVersion = 13.2.1;
					};
					3FB3250027AC4F5400F87E70 = {
						CreatedOnToolsVersion = 13.2.1;
						TestTargetID = 3FB324D727AC47D500F87E70;
					};
				};
			};
			buildConfigurationList = 3FB324D327AC47D500F87E70 /* Build configuration list for PBXProject "MVVMTableAndTest" */;
			compatibilityVersion = "Xcode 13.0";
			developmentRegion = en;
			hasScannedForEncodings = 0;
			knownRegions = (
				en,
				Base,
			);
			mainGroup = 3FB324CF27AC47D500F87E70;
			productRefGroup = 3FB324D927AC47D500F87E70 /* Products */;
			projectDirPath = "";
			projectRoot = "";
			targets = (
				3FB324D727AC47D500F87E70 /* MVVMTableAndTest */,
				3FB3250027AC4F5400F87E70 /* MVVMTableAndTestTests */,
			);
		};
/* End PBXProject section */

/* Begin PBXResourcesBuildPhase section */
		3FB324D627AC47D500F87E70 /* Resources */ = {
			isa = PBXResourcesBuildPhase;
			buildActionMask = 2147483647;
			files = (
				3FB324E827AC47D800F87E70 /* LaunchScreen.storyboard in Resources */,
				3FB324E527AC47D800F87E70 /* Assets.xcassets in Resources */,
				3FB324E327AC47D500F87E70 /* Main.storyboard in Resources */,
			);
			runOnlyForDeploymentPostprocessing = 0;
		};
		3FB324FF27AC4F5400F87E70 /* Resources */ = {
			isa = PBXResourcesBuildPhase;
			buildActionMask = 2147483647;
			files = (
			);
			runOnlyForDeploymentPostprocessing = 0;
		};
/* End PBXResourcesBuildPhase section */

/* Begin PBXSourcesBuildPhase section */
		3FB324D427AC47D500F87E70 /* Sources */ = {
			isa = PBXSourcesBuildPhase;
			buildActionMask = 2147483647;
			files = (
				3FB324F427AC4AF500F87E70 /* Course.swift in Sources */,
				3FB324FC27AC4B8900F87E70 /* Service.swift in Sources */,
				3FB324E027AC47D500F87E70 /* ViewController.swift in Sources */,
				3FB324F627AC4B1200F87E70 /* CourseViewModel.swift in Sources */,
				3FB324DC27AC47D500F87E70 /* AppDelegate.swift in Sources */,
				3FB324DE27AC47D500F87E70 /* SceneDelegate.swift in Sources */,
				3FB324F827AC4B4100F87E70 /* CourseView.swift in Sources */,
				3FB324FA27AC4B6000F87E70 /* CoursesController.swift in Sources */,
			);
			runOnlyForDeploymentPostprocessing = 0;
		};
		3FB324FD27AC4F5400F87E70 /* Sources */ = {
			isa = PBXSourcesBuildPhase;
			buildActionMask = 2147483647;
			files = (
				3FB3250427AC4F5400F87E70 /* MVVMTableAndTestTests.swift in Sources */,
			);
			runOnlyForDeploymentPostprocessing = 0;
		};
/* End PBXSourcesBuildPhase section */

/* Begin PBXTargetDependency section */
		3FB3250627AC4F5400F87E70 /* PBXTargetDependency */ = {
			isa = PBXTargetDependency;
			target = 3FB324D727AC47D500F87E70 /* MVVMTableAndTest */;
			targetProxy = 3FB3250527AC4F5400F87E70 /* PBXContainerItemProxy */;
		};
/* End PBXTargetDependency section */

/* Begin PBXVariantGroup section */
		3FB324E127AC47D500F87E70 /* Main.storyboard */ = {
			isa = PBXVariantGroup;
			children = (
				3FB324E227AC47D500F87E70 /* Base */,
			);
			name = Main.storyboard;
			sourceTree = "<group>";
		};
		3FB324E627AC47D800F87E70 /* LaunchScreen.storyboard */ = {
			isa = PBXVariantGroup;
			children = (
				3FB324E727AC47D800F87E70 /* Base */,
			);
			name = LaunchScreen.storyboard;
			sourceTree = "<group>";
		};
/* End PBXVariantGroup section */

/* Begin XCBuildConfiguration section */
		3FB324EA27AC47D800F87E70 /* Debug */ = {
			isa = XCBuildConfiguration;
			buildSettings = {
				ALWAYS_SEARCH_USER_PATHS = NO;
				CLANG_ANALYZER_NONNULL = YES;
				CLANG_ANALYZER_NUMBER_OBJECT_CONVERSION = YES_AGGRESSIVE;
				CLANG_CXX_LANGUAGE_STANDARD = "gnu++17";
				CLANG_CXX_LIBRARY = "libc++";
				CLANG_ENABLE_MODULES = YES;
				CLANG_ENABLE_OBJC_ARC = YES;
				CLANG_ENABLE_OBJC_WEAK = YES;
				CLANG_WARN_BLOCK_CAPTURE_AUTORELEASING = YES;
				CLANG_WARN_BOOL_CONVERSION = YES;
				CLANG_WARN_COMMA = YES;
				CLANG_WARN_CONSTANT_CONVERSION = YES;
				CLANG_WARN_DEPRECATED_OBJC_IMPLEMENTATIONS = YES;
				CLANG_WARN_DIRECT_OBJC_ISA_USAGE = YES_ERROR;
				CLANG_WARN_DOCUMENTATION_COMMENTS = YES;
				CLANG_WARN_EMPTY_BODY = YES;
				CLANG_WARN_ENUM_CONVERSION = YES;
				CLANG_WARN_INFINITE_RECURSION = YES;
				CLANG_WARN_INT_CONVERSION = YES;
				CLANG_WARN_NON_LITERAL_NULL_CONVERSION = YES;
				CLANG_WARN_OBJC_IMPLICIT_RETAIN_SELF = YES;
				CLANG_WARN_OBJC_LITERAL_CONVERSION = YES;
				CLANG_WARN_OBJC_ROOT_CLASS = YES_ERROR;
				CLANG_WARN_QUOTED_INCLUDE_IN_FRAMEWORK_HEADER = YES;
				CLANG_WARN_RANGE_LOOP_ANALYSIS = YES;
				CLANG_WARN_STRICT_PROTOTYPES = YES;
				CLANG_WARN_SUSPICIOUS_MOVE = YES;
				CLANG_WARN_UNGUARDED_AVAILABILITY = YES_AGGRESSIVE;
				CLANG_WARN_UNREACHABLE_CODE = YES;
				CLANG_WARN__DUPLICATE_METHOD_MATCH = YES;
				COPY_PHASE_STRIP = NO;
				DEBUG_INFORMATION_FORMAT = dwarf;
				ENABLE_STRICT_OBJC_MSGSEND = YES;
				ENABLE_TESTABILITY = YES;
				GCC_C_LANGUAGE_STANDARD = gnu11;
				GCC_DYNAMIC_NO_PIC = NO;
				GCC_NO_COMMON_BLOCKS = YES;
				GCC_OPTIMIZATION_LEVEL = 0;
				GCC_PREPROCESSOR_DEFINITIONS = (
					"DEBUG=1",
					"$(inherited)",
				);
				GCC_WARN_64_TO_32_BIT_CONVERSION = YES;
				GCC_WARN_ABOUT_RETURN_TYPE = YES_ERROR;
				GCC_WARN_UNDECLARED_SELECTOR = YES;
				GCC_WARN_UNINITIALIZED_AUTOS = YES_AGGRESSIVE;
				GCC_WARN_UNUSED_FUNCTION = YES;
				GCC_WARN_UNUSED_VARIABLE = YES;
				IPHONEOS_DEPLOYMENT_TARGET = 15.2;
				MTL_ENABLE_DEBUG_INFO = INCLUDE_SOURCE;
				MTL_FAST_MATH = YES;
				ONLY_ACTIVE_ARCH = YES;
				SDKROOT = iphoneos;
				SWIFT_ACTIVE_COMPILATION_CONDITIONS = DEBUG;
				SWIFT_OPTIMIZATION_LEVEL = "-Onone";
			};
			name = Debug;
		};
		3FB324EB27AC47D800F87E70 /* Release */ = {
			isa = XCBuildConfiguration;
			buildSettings = {
				ALWAYS_SEARCH_USER_PATHS = NO;
				CLANG_ANALYZER_NONNULL = YES;
				CLANG_ANALYZER_NUMBER_OBJECT_CONVERSION = YES_AGGRESSIVE;
				CLANG_CXX_LANGUAGE_STANDARD = "gnu++17";
				CLANG_CXX_LIBRARY = "libc++";
				CLANG_ENABLE_MODULES = YES;
				CLANG_ENABLE_OBJC_ARC = YES;
				CLANG_ENABLE_OBJC_WEAK = YES;
				CLANG_WARN_BLOCK_CAPTURE_AUTORELEASING = YES;
				CLANG_WARN_BOOL_CONVERSION = YES;
				CLANG_WARN_COMMA = YES;
				CLANG_WARN_CONSTANT_CONVERSION = YES;
				CLANG_WARN_DEPRECATED_OBJC_IMPLEMENTATIONS = YES;
				CLANG_WARN_DIRECT_OBJC_ISA_USAGE = YES_ERROR;
				CLANG_WARN_DOCUMENTATION_COMMENTS = YES;
				CLANG_WARN_EMPTY_BODY = YES;
				CLANG_WARN_ENUM_CONVERSION = YES;
				CLANG_WARN_INFINITE_RECURSION = YES;
				CLANG_WARN_INT_CONVERSION = YES;
				CLANG_WARN_NON_LITERAL_NULL_CONVERSION = YES;
				CLANG_WARN_OBJC_IMPLICIT_RETAIN_SELF = YES;
				CLANG_WARN_OBJC_LITERAL_CONVERSION = YES;
				CLANG_WARN_OBJC_ROOT_CLASS = YES_ERROR;
				CLANG_WARN_QUOTED_INCLUDE_IN_FRAMEWORK_HEADER = YES;
				CLANG_WARN_RANGE_LOOP_ANALYSIS = YES;
				CLANG_WARN_STRICT_PROTOTYPES = YES;
				CLANG_WARN_SUSPICIOUS_MOVE = YES;
				CLANG_WARN_UNGUARDED_AVAILABILITY = YES_AGGRESSIVE;
				CLANG_WARN_UNREACHABLE_CODE = YES;
				CLANG_WARN__DUPLICATE_METHOD_MATCH = YES;
				COPY_PHASE_STRIP = NO;
				DEBUG_INFORMATION_FORMAT = "dwarf-with-dsym";
				ENABLE_NS_ASSERTIONS = NO;
				ENABLE_STRICT_OBJC_MSGSEND = YES;
				GCC_C_LANGUAGE_STANDARD = gnu11;
				GCC_NO_COMMON_BLOCKS = YES;
				GCC_WARN_64_TO_32_BIT_CONVERSION = YES;
				GCC_WARN_ABOUT_RETURN_TYPE = YES_ERROR;
				GCC_WARN_UNDECLARED_SELECTOR = YES;
				GCC_WARN_UNINITIALIZED_AUTOS = YES_AGGRESSIVE;
				GCC_WARN_UNUSED_FUNCTION = YES;
				GCC_WARN_UNUSED_VARIABLE = YES;
				IPHONEOS_DEPLOYMENT_TARGET = 15.2;
				MTL_ENABLE_DEBUG_INFO = NO;
				MTL_FAST_MATH = YES;
				SDKROOT = iphoneos;
				SWIFT_COMPILATION_MODE = wholemodule;
				SWIFT_OPTIMIZATION_LEVEL = "-O";
				VALIDATE_PRODUCT = YES;
			};
			name = Release;
		};
		3FB324ED27AC47D800F87E70 /* Debug */ = {
			isa = XCBuildConfiguration;
			buildSettings = {
				ASSETCATALOG_COMPILER_APPICON_NAME = AppIcon;
				ASSETCATALOG_COMPILER_GLOBAL_ACCENT_COLOR_NAME = AccentColor;
				CODE_SIGN_STYLE = Automatic;
				CURRENT_PROJECT_VERSION = 1;
				DEVELOPMENT_TEAM = 8LA4QB36AJ;
				GENERATE_INFOPLIST_FILE = YES;
				INFOPLIST_FILE = MVVMTableAndTest/Info.plist;
				INFOPLIST_KEY_UIApplicationSupportsIndirectInputEvents = YES;
				INFOPLIST_KEY_UILaunchStoryboardName = LaunchScreen;
				INFOPLIST_KEY_UIMainStoryboardFile = Main;
				INFOPLIST_KEY_UISupportedInterfaceOrientations_iPad = "UIInterfaceOrientationPortrait UIInterfaceOrientationPortraitUpsideDown UIInterfaceOrientationLandscapeLeft UIInterfaceOrientationLandscapeRight";
				INFOPLIST_KEY_UISupportedInterfaceOrientations_iPhone = "UIInterfaceOrientationPortrait UIInterfaceOrientationLandscapeLeft UIInterfaceOrientationLandscapeRight";
				LD_RUNPATH_SEARCH_PATHS = (
					"$(inherited)",
					"@executable_path/Frameworks",
				);
				MARKETING_VERSION = 1.0;
				PRODUCT_BUNDLE_IDENTIFIER = com.bmonish.MVVMTableAndTest;
				PRODUCT_NAME = "$(TARGET_NAME)";
				SWIFT_EMIT_LOC_STRINGS = YES;
				SWIFT_VERSION = 5.0;
				TARGETED_DEVICE_FAMILY = "1,2";
			};
			name = Debug;
		};
		3FB324EE27AC47D800F87E70 /* Release */ = {
			isa = XCBuildConfiguration;
			buildSettings = {
				ASSETCATALOG_COMPILER_APPICON_NAME = AppIcon;
				ASSETCATALOG_COMPILER_GLOBAL_ACCENT_COLOR_NAME = AccentColor;
				CODE_SIGN_STYLE = Automatic;
				CURRENT_PROJECT_VERSION = 1;
				DEVELOPMENT_TEAM = 8LA4QB36AJ;
				GENERATE_INFOPLIST_FILE = YES;
				INFOPLIST_FILE = MVVMTableAndTest/Info.plist;
				INFOPLIST_KEY_UIApplicationSupportsIndirectInputEvents = YES;
				INFOPLIST_KEY_UILaunchStoryboardName = LaunchScreen;
				INFOPLIST_KEY_UIMainStoryboardFile = Main;
				INFOPLIST_KEY_UISupportedInterfaceOrientations_iPad = "UIInterfaceOrientationPortrait UIInterfaceOrientationPortraitUpsideDown UIInterfaceOrientationLandscapeLeft UIInterfaceOrientationLandscapeRight";
				INFOPLIST_KEY_UISupportedInterfaceOrientations_iPhone = "UIInterfaceOrientationPortrait UIInterfaceOrientationLandscapeLeft UIInterfaceOrientationLandscapeRight";
				LD_RUNPATH_SEARCH_PATHS = (
					"$(inherited)",
					"@executable_path/Frameworks",
				);
				MARKETING_VERSION = 1.0;
				PRODUCT_BUNDLE_IDENTIFIER = com.bmonish.MVVMTableAndTest;
				PRODUCT_NAME = "$(TARGET_NAME)";
				SWIFT_EMIT_LOC_STRINGS = YES;
				SWIFT_VERSION = 5.0;
				TARGETED_DEVICE_FAMILY = "1,2";
			};
			name = Release;
		};
		3FB3250827AC4F5400F87E70 /* Debug */ = {
			isa = XCBuildConfiguration;
			buildSettings = {
				BUNDLE_LOADER = "$(TEST_HOST)";
				CODE_SIGN_STYLE = Automatic;
				CURRENT_PROJECT_VERSION = 1;
				DEVELOPMENT_TEAM = 8LA4QB36AJ;
				GENERATE_INFOPLIST_FILE = YES;
				MARKETING_VERSION = 1.0;
				PRODUCT_BUNDLE_IDENTIFIER = com.bmonish.MVVMTableAndTestTests;
				PRODUCT_NAME = "$(TARGET_NAME)";
				SWIFT_EMIT_LOC_STRINGS = NO;
				SWIFT_VERSION = 5.0;
				TARGETED_DEVICE_FAMILY = "1,2";
				TEST_HOST = "$(BUILT_PRODUCTS_DIR)/MVVMTableAndTest.app/MVVMTableAndTest";
			};
			name = Debug;
		};
		3FB3250927AC4F5400F87E70 /* Release */ = {
			isa = XCBuildConfiguration;
			buildSettings = {
				BUNDLE_LOADER = "$(TEST_HOST)";
				CODE_SIGN_STYLE = Automatic;
				CURRENT_PROJECT_VERSION = 1;
				DEVELOPMENT_TEAM = 8LA4QB36AJ;
				GENERATE_INFOPLIST_FILE = YES;
				MARKETING_VERSION = 1.0;
				PRODUCT_BUNDLE_IDENTIFIER = com.bmonish.MVVMTableAndTestTests;
				PRODUCT_NAME = "$(TARGET_NAME)";
				SWIFT_EMIT_LOC_STRINGS = NO;
				SWIFT_VERSION = 5.0;
				TARGETED_DEVICE_FAMILY = "1,2";
				TEST_HOST = "$(BUILT_PRODUCTS_DIR)/MVVMTableAndTest.app/MVVMTableAndTest";
			};
			name = Release;
		};
/* End XCBuildConfiguration section */

/* Begin XCConfigurationList section */
		3FB324D327AC47D500F87E70 /* Build configuration list for PBXProject "MVVMTableAndTest" */ = {
			isa = XCConfigurationList;
			buildConfigurations = (
				3FB324EA27AC47D800F87E70 /* Debug */,
				3FB324EB27AC47D800F87E70 /* Release */,
			);
			defaultConfigurationIsVisible = 0;
			defaultConfigurationName = Release;
		};
		3FB324EC27AC47D800F87E70 /* Build configuration list for PBXNativeTarget "MVVMTableAndTest" */ = {
			isa = XCConfigurationList;
			buildConfigurations = (
				3FB324ED27AC47D800F87E70 /* Debug */,
				3FB324EE27AC47D800F87E70 /* Release */,
			);
			defaultConfigurationIsVisible = 0;
			defaultConfigurationName = Release;
		};
		3FB3250727AC4F5400F87E70 /* Build configuration list for PBXNativeTarget "MVVMTableAndTestTests" */ = {
			isa = XCConfigurationList;
			buildConfigurations = (
				3FB3250827AC4F5400F87E70 /* Debug */,
				3FB3250927AC4F5400F87E70 /* Release */,
			);
			defaultConfigurationIsVisible = 0;
			defaultConfigurationName = Release;
		};
/* End XCConfigurationList section */
	};
	rootObject = 3FB324D027AC47D500F87E70 /* Project object */;
}
