// !$*UTF8*$!
{
	archiveVersion = 1;
	classes = {
	};
	objectVersion = 50;
	objects = {

/* Begin PBXBuildFile section */
		3F52F920274F9A79001E324B /* AppDelegate.swift in Sources */ = {isa = PBXBuildFile; fileRef = 3F52F91F274F9A79001E324B /* AppDelegate.swift */; };
		3F52F922274F9A79001E324B /* SceneDelegate.swift in Sources */ = {isa = PBXBuildFile; fileRef = 3F52F921274F9A79001E324B /* SceneDelegate.swift */; };
		3F52F924274F9A79001E324B /* ViewController.swift in Sources */ = {isa = PBXBuildFile; fileRef = 3F52F923274F9A79001E324B /* ViewController.swift */; };
		3F52F927274F9A79001E324B /* Main.storyboard in Resources */ = {isa = PBXBuildFile; fileRef = 3F52F925274F9A79001E324B /* Main.storyboard */; };
		3F52F929274F9A7A001E324B /* Assets.xcassets in Resources */ = {isa = PBXBuildFile; fileRef = 3F52F928274F9A7A001E324B /* Assets.xcassets */; };
		3F52F92C274F9A7A001E324B /* LaunchScreen.storyboard in Resources */ = {isa = PBXBuildFile; fileRef = 3F52F92A274F9A7A001E324B /* LaunchScreen.storyboard */; };
		3F52F937274F9A7B001E324B /* HelloWorldTests.swift in Sources */ = {isa = PBXBuildFile; fileRef = 3F52F936274F9A7B001E324B /* HelloWorldTests.swift */; };
		3F52F942274F9A7B001E324B /* HelloWorldUITests.swift in Sources */ = {isa = PBXBuildFile; fileRef = 3F52F941274F9A7B001E324B /* HelloWorldUITests.swift */; };
		3F52F956274FBAD7001E324B /* Test.storyboard in Resources */ = {isa = PBXBuildFile; fileRef = 3F52F955274FBAD7001E324B /* Test.storyboard */; };
/* End PBXBuildFile section */

/* Begin PBXContainerItemProxy section */
		3F52F933274F9A7B001E324B /* PBXContainerItemProxy */ = {
			isa = PBXContainerItemProxy;
			containerPortal = 3F52F914274F9A79001E324B /* Project object */;
			proxyType = 1;
			remoteGlobalIDString = 3F52F91B274F9A79001E324B;
			remoteInfo = HelloWorld;
		};
		3F52F93E274F9A7B001E324B /* PBXContainerItemProxy */ = {
			isa = PBXContainerItemProxy;
			containerPortal = 3F52F914274F9A79001E324B /* Project object */;
			proxyType = 1;
			remoteGlobalIDString = 3F52F91B274F9A79001E324B;
			remoteInfo = HelloWorld;
		};
/* End PBXContainerItemProxy section */

/* Begin PBXFileReference section */
		3F52F91C274F9A79001E324B /* HelloWorld.app */ = {isa = PBXFileReference; explicitFileType = wrapper.application; includeInIndex = 0; path = HelloWorld.app; sourceTree = BUILT_PRODUCTS_DIR; };
		3F52F91F274F9A79001E324B /* AppDelegate.swift */ = {isa = PBXFileReference; lastKnownFileType = sourcecode.swift; path = AppDelegate.swift; sourceTree = "<group>"; };
		3F52F921274F9A79001E324B /* SceneDelegate.swift */ = {isa = PBXFileReference; lastKnownFileType = sourcecode.swift; path = SceneDelegate.swift; sourceTree = "<group>"; };
		3F52F923274F9A79001E324B /* ViewController.swift */ = {isa = PBXFileReference; lastKnownFileType = sourcecode.swift; path = ViewController.swift; sourceTree = "<group>"; };
		3F52F926274F9A79001E324B /* Base */ = {isa = PBXFileReference; lastKnownFileType = file.storyboard; name = Base; path = Base.lproj/Main.storyboard; sourceTree = "<group>"; };
		3F52F928274F9A7A001E324B /* Assets.xcassets */ = {isa = PBXFileReference; lastKnownFileType = folder.assetcatalog; path = Assets.xcassets; sourceTree = "<group>"; };
		3F52F92B274F9A7A001E324B /* Base */ = {isa = PBXFileReference; lastKnownFileType = file.storyboard; name = Base; path = Base.lproj/LaunchScreen.storyboard; sourceTree = "<group>"; };
		3F52F92D274F9A7A001E324B /* Info.plist */ = {isa = PBXFileReference; lastKnownFileType = text.plist.xml; path = Info.plist; sourceTree = "<group>"; };
		3F52F932274F9A7B001E324B /* HelloWorldTests.xctest */ = {isa = PBXFileReference; explicitFileType = wrapper.cfbundle; includeInIndex = 0; path = HelloWorldTests.xctest; sourceTree = BUILT_PRODUCTS_DIR; };
		3F52F936274F9A7B001E324B /* HelloWorldTests.swift */ = {isa = PBXFileReference; lastKnownFileType = sourcecode.swift; path = HelloWorldTests.swift; sourceTree = "<group>"; };
		3F52F938274F9A7B001E324B /* Info.plist */ = {isa = PBXFileReference; lastKnownFileType = text.plist.xml; path = Info.plist; sourceTree = "<group>"; };
		3F52F93D274F9A7B001E324B /* HelloWorldUITests.xctest */ = {isa = PBXFileReference; explicitFileType = wrapper.cfbundle; includeInIndex = 0; path = HelloWorldUITests.xctest; sourceTree = BUILT_PRODUCTS_DIR; };
		3F52F941274F9A7B001E324B /* HelloWorldUITests.swift */ = {isa = PBXFileReference; lastKnownFileType = sourcecode.swift; path = HelloWorldUITests.swift; sourceTree = "<group>"; };
		3F52F943274F9A7B001E324B /* Info.plist */ = {isa = PBXFileReference; lastKnownFileType = text.plist.xml; path = Info.plist; sourceTree = "<group>"; };
		3F52F955274FBAD7001E324B /* Test.storyboard */ = {isa = PBXFileReference; lastKnownFileType = file.storyboard; path = Test.storyboard; sourceTree = "<group>"; };
/* End PBXFileReference section */

/* Begin PBXFrameworksBuildPhase section */
		3F52F919274F9A79001E324B /* Frameworks */ = {
			isa = PBXFrameworksBuildPhase;
			buildActionMask = 2147483647;
			files = (
			);
			runOnlyForDeploymentPostprocessing = 0;
		};
		3F52F92F274F9A7B001E324B /* Frameworks */ = {
			isa = PBXFrameworksBuildPhase;
			buildActionMask = 2147483647;
			files = (
			);
			runOnlyForDeploymentPostprocessing = 0;
		};
		3F52F93A274F9A7B001E324B /* Frameworks */ = {
			isa = PBXFrameworksBuildPhase;
			buildActionMask = 2147483647;
			files = (
			);
			runOnlyForDeploymentPostprocessing = 0;
		};
/* End PBXFrameworksBuildPhase section */

/* Begin PBXGroup section */
		3F52F913274F9A79001E324B = {
			isa = PBXGroup;
			children = (
				3F52F91E274F9A79001E324B /* HelloWorld */,
				3F52F935274F9A7B001E324B /* HelloWorldTests */,
				3F52F940274F9A7B001E324B /* HelloWorldUITests */,
				3F52F91D274F9A79001E324B /* Products */,
			);
			sourceTree = "<group>";
		};
		3F52F91D274F9A79001E324B /* Products */ = {
			isa = PBXGroup;
			children = (
				3F52F91C274F9A79001E324B /* HelloWorld.app */,
				3F52F932274F9A7B001E324B /* HelloWorldTests.xctest */,
				3F52F93D274F9A7B001E324B /* HelloWorldUITests.xctest */,
			);
			name = Products;
			sourceTree = "<group>";
		};
		3F52F91E274F9A79001E324B /* HelloWorld */ = {
			isa = PBXGroup;
			children = (
				3F52F91F274F9A79001E324B /* AppDelegate.swift */,
				3F52F921274F9A79001E324B /* SceneDelegate.swift */,
				3F52F923274F9A79001E324B /* ViewController.swift */,
				3F52F925274F9A79001E324B /* Main.storyboard */,
				3F52F928274F9A7A001E324B /* Assets.xcassets */,
				3F52F92A274F9A7A001E324B /* LaunchScreen.storyboard */,
				3F52F92D274F9A7A001E324B /* Info.plist */,
				3F52F955274FBAD7001E324B /* Test.storyboard */,
			);
			path = HelloWorld;
			sourceTree = "<group>";
		};
		3F52F935274F9A7B001E324B /* HelloWorldTests */ = {
			isa = PBXGroup;
			children = (
				3F52F936274F9A7B001E324B /* HelloWorldTests.swift */,
				3F52F938274F9A7B001E324B /* Info.plist */,
			);
			path = HelloWorldTests;
			sourceTree = "<group>";
		};
		3F52F940274F9A7B001E324B /* HelloWorldUITests */ = {
			isa = PBXGroup;
			children = (
				3F52F941274F9A7B001E324B /* HelloWorldUITests.swift */,
				3F52F943274F9A7B001E324B /* Info.plist */,
			);
			path = HelloWorldUITests;
			sourceTree = "<group>";
		};
/* End PBXGroup section */

/* Begin PBXNativeTarget section */
		3F52F91B274F9A79001E324B /* HelloWorld */ = {
			isa = PBXNativeTarget;
			buildConfigurationList = 3F52F946274F9A7B001E324B /* Build configuration list for PBXNativeTarget "HelloWorld" */;
			buildPhases = (
				3F52F918274F9A79001E324B /* Sources */,
				3F52F919274F9A79001E324B /* Frameworks */,
				3F52F91A274F9A79001E324B /* Resources */,
			);
			buildRules = (
			);
			dependencies = (
			);
			name = HelloWorld;
			productName = HelloWorld;
			productReference = 3F52F91C274F9A79001E324B /* HelloWorld.app */;
			productType = "com.apple.product-type.application";
		};
		3F52F931274F9A7B001E324B /* HelloWorldTests */ = {
			isa = PBXNativeTarget;
			buildConfigurationList = 3F52F949274F9A7B001E324B /* Build configuration list for PBXNativeTarget "HelloWorldTests" */;
			buildPhases = (
				3F52F92E274F9A7B001E324B /* Sources */,
				3F52F92F274F9A7B001E324B /* Frameworks */,
				3F52F930274F9A7B001E324B /* Resources */,
			);
			buildRules = (
			);
			dependencies = (
				3F52F934274F9A7B001E324B /* PBXTargetDependency */,
			);
			name = HelloWorldTests;
			productName = HelloWorldTests;
			productReference = 3F52F932274F9A7B001E324B /* HelloWorldTests.xctest */;
			productType = "com.apple.product-type.bundle.unit-test";
		};
		3F52F93C274F9A7B001E324B /* HelloWorldUITests */ = {
			isa = PBXNativeTarget;
			buildConfigurationList = 3F52F94C274F9A7B001E324B /* Build configuration list for PBXNativeTarget "HelloWorldUITests" */;
			buildPhases = (
				3F52F939274F9A7B001E324B /* Sources */,
				3F52F93A274F9A7B001E324B /* Frameworks */,
				3F52F93B274F9A7B001E324B /* Resources */,
			);
			buildRules = (
			);
			dependencies = (
				3F52F93F274F9A7B001E324B /* PBXTargetDependency */,
			);
			name = HelloWorldUITests;
			productName = HelloWorldUITests;
			productReference = 3F52F93D274F9A7B001E324B /* HelloWorldUITests.xctest */;
			productType = "com.apple.product-type.bundle.ui-testing";
		};
/* End PBXNativeTarget section */

/* Begin PBXProject section */
		3F52F914274F9A79001E324B /* Project object */ = {
			isa = PBXProject;
			attributes = {
				LastSwiftUpdateCheck = 1240;
				LastUpgradeCheck = 1240;
				TargetAttributes = {
					3F52F91B274F9A79001E324B = {
						CreatedOnToolsVersion = 12.4;
					};
					3F52F931274F9A7B001E324B = {
						CreatedOnToolsVersion = 12.4;
						TestTargetID = 3F52F91B274F9A79001E324B;
					};
					3F52F93C274F9A7B001E324B = {
						CreatedOnToolsVersion = 12.4;
						TestTargetID = 3F52F91B274F9A79001E324B;
					};
				};
			};
			buildConfigurationList = 3F52F917274F9A79001E324B /* Build configuration list for PBXProject "HelloWorld" */;
			compatibilityVersion = "Xcode 9.3";
			developmentRegion = en;
			hasScannedForEncodings = 0;
			knownRegions = (
				en,
				Base,
			);
			mainGroup = 3F52F913274F9A79001E324B;
			productRefGroup = 3F52F91D274F9A79001E324B /* Products */;
			projectDirPath = "";
			projectRoot = "";
			targets = (
				3F52F91B274F9A79001E324B /* HelloWorld */,
				3F52F931274F9A7B001E324B /* HelloWorldTests */,
				3F52F93C274F9A7B001E324B /* HelloWorldUITests */,
			);
		};
/* End PBXProject section */

/* Begin PBXResourcesBuildPhase section */
		3F52F91A274F9A79001E324B /* Resources */ = {
			isa = PBXResourcesBuildPhase;
			buildActionMask = 2147483647;
			files = (
				3F52F92C274F9A7A001E324B /* LaunchScreen.storyboard in Resources */,
				3F52F929274F9A7A001E324B /* Assets.xcassets in Resources */,
				3F52F956274FBAD7001E324B /* Test.storyboard in Resources */,
				3F52F927274F9A79001E324B /* Main.storyboard in Resources */,
			);
			runOnlyForDeploymentPostprocessing = 0;
		};
		3F52F930274F9A7B001E324B /* Resources */ = {
			isa = PBXResourcesBuildPhase;
			buildActionMask = 2147483647;
			files = (
			);
			runOnlyForDeploymentPostprocessing = 0;
		};
		3F52F93B274F9A7B001E324B /* Resources */ = {
			isa = PBXResourcesBuildPhase;
			buildActionMask = 2147483647;
			files = (
			);
			runOnlyForDeploymentPostprocessing = 0;
		};
/* End PBXResourcesBuildPhase section */

/* Begin PBXSourcesBuildPhase section */
		3F52F918274F9A79001E324B /* Sources */ = {
			isa = PBXSourcesBuildPhase;
			buildActionMask = 2147483647;
			files = (
				3F52F924274F9A79001E324B /* ViewController.swift in Sources */,
				3F52F920274F9A79001E324B /* AppDelegate.swift in Sources */,
				3F52F922274F9A79001E324B /* SceneDelegate.swift in Sources */,
			);
			runOnlyForDeploymentPostprocessing = 0;
		};
		3F52F92E274F9A7B001E324B /* Sources */ = {
			isa = PBXSourcesBuildPhase;
			buildActionMask = 2147483647;
			files = (
				3F52F937274F9A7B001E324B /* HelloWorldTests.swift in Sources */,
			);
			runOnlyForDeploymentPostprocessing = 0;
		};
		3F52F939274F9A7B001E324B /* Sources */ = {
			isa = PBXSourcesBuildPhase;
			buildActionMask = 2147483647;
			files = (
				3F52F942274F9A7B001E324B /* HelloWorldUITests.swift in Sources */,
			);
			runOnlyForDeploymentPostprocessing = 0;
		};
/* End PBXSourcesBuildPhase section */

/* Begin PBXTargetDependency section */
		3F52F934274F9A7B001E324B /* PBXTargetDependency */ = {
			isa = PBXTargetDependency;
			target = 3F52F91B274F9A79001E324B /* HelloWorld */;
			targetProxy = 3F52F933274F9A7B001E324B /* PBXContainerItemProxy */;
		};
		3F52F93F274F9A7B001E324B /* PBXTargetDependency */ = {
			isa = PBXTargetDependency;
			target = 3F52F91B274F9A79001E324B /* HelloWorld */;
			targetProxy = 3F52F93E274F9A7B001E324B /* PBXContainerItemProxy */;
		};
/* End PBXTargetDependency section */

/* Begin PBXVariantGroup section */
		3F52F925274F9A79001E324B /* Main.storyboard */ = {
			isa = PBXVariantGroup;
			children = (
				3F52F926274F9A79001E324B /* Base */,
			);
			name = Main.storyboard;
			sourceTree = "<group>";
		};
		3F52F92A274F9A7A001E324B /* LaunchScreen.storyboard */ = {
			isa = PBXVariantGroup;
			children = (
				3F52F92B274F9A7A001E324B /* Base */,
			);
			name = LaunchScreen.storyboard;
			sourceTree = "<group>";
		};
/* End PBXVariantGroup section */

/* Begin XCBuildConfiguration section */
		3F52F944274F9A7B001E324B /* Debug */ = {
			isa = XCBuildConfiguration;
			buildSettings = {
				ALWAYS_SEARCH_USER_PATHS = NO;
				CLANG_ANALYZER_NONNULL = YES;
				CLANG_ANALYZER_NUMBER_OBJECT_CONVERSION = YES_AGGRESSIVE;
				CLANG_CXX_LANGUAGE_STANDARD = "gnu++14";
				CLANG_CXX_LIBRARY = "libc++";
				CLANG_ENABLE_MODULES = YES;
				CLANG_ENABLE_OBJC_ARC = YES;
				CLANG_ENABLE_OBJC_WEAK = YES;
				CLANG_WARN_BLOCK_CAPTURE_AUTORELEASING = YES;
				CLANG_WARN_BOOL_CONVERSION = YES;
				CLANG_WARN_COMMA = YES;
				CLANG_WARN_CONSTANT_CONVERSION = YES;
				CLANG_WARN_DEPRECATED_OBJC_IMPLEMENTATIONS = YES;
				CLANG_WARN_DIRECT_OBJC_ISA_USAGE = YES_ERROR;
				CLANG_WARN_DOCUMENTATION_COMMENTS = YES;
				CLANG_WARN_EMPTY_BODY = YES;
				CLANG_WARN_ENUM_CONVERSION = YES;
				CLANG_WARN_INFINITE_RECURSION = YES;
				CLANG_WARN_INT_CONVERSION = YES;
				CLANG_WARN_NON_LITERAL_NULL_CONVERSION = YES;
				CLANG_WARN_OBJC_IMPLICIT_RETAIN_SELF = YES;
				CLANG_WARN_OBJC_LITERAL_CONVERSION = YES;
				CLANG_WARN_OBJC_ROOT_CLASS = YES_ERROR;
				CLANG_WARN_QUOTED_INCLUDE_IN_FRAMEWORK_HEADER = YES;
				CLANG_WARN_RANGE_LOOP_ANALYSIS = YES;
				CLANG_WARN_STRICT_PROTOTYPES = YES;
				CLANG_WARN_SUSPICIOUS_MOVE = YES;
				CLANG_WARN_UNGUARDED_AVAILABILITY = YES_AGGRESSIVE;
				CLANG_WARN_UNREACHABLE_CODE = YES;
				CLANG_WARN__DUPLICATE_METHOD_MATCH = YES;
				COPY_PHASE_STRIP = NO;
				DEBUG_INFORMATION_FORMAT = dwarf;
				ENABLE_STRICT_OBJC_MSGSEND = YES;
				ENABLE_TESTABILITY = YES;
				GCC_C_LANGUAGE_STANDARD = gnu11;
				GCC_DYNAMIC_NO_PIC = NO;
				GCC_NO_COMMON_BLOCKS = YES;
				GCC_OPTIMIZATION_LEVEL = 0;
				GCC_PREPROCESSOR_DEFINITIONS = (
					"DEBUG=1",
					"$(inherited)",
				);
				GCC_WARN_64_TO_32_BIT_CONVERSION = YES;
				GCC_WARN_ABOUT_RETURN_TYPE = YES_ERROR;
				GCC_WARN_UNDECLARED_SELECTOR = YES;
				GCC_WARN_UNINITIALIZED_AUTOS = YES_AGGRESSIVE;
				GCC_WARN_UNUSED_FUNCTION = YES;
				GCC_WARN_UNUSED_VARIABLE = YES;
				IPHONEOS_DEPLOYMENT_TARGET = 14.4;
				MTL_ENABLE_DEBUG_INFO = INCLUDE_SOURCE;
				MTL_FAST_MATH = YES;
				ONLY_ACTIVE_ARCH = YES;
				SDKROOT = iphoneos;
				SWIFT_ACTIVE_COMPILATION_CONDITIONS = DEBUG;
				SWIFT_OPTIMIZATION_LEVEL = "-Onone";
			};
			name = Debug;
		};
		3F52F945274F9A7B001E324B /* Release */ = {
			isa = XCBuildConfiguration;
			buildSettings = {
				ALWAYS_SEARCH_USER_PATHS = NO;
				CLANG_ANALYZER_NONNULL = YES;
				CLANG_ANALYZER_NUMBER_OBJECT_CONVERSION = YES_AGGRESSIVE;
				CLANG_CXX_LANGUAGE_STANDARD = "gnu++14";
				CLANG_CXX_LIBRARY = "libc++";
				CLANG_ENABLE_MODULES = YES;
				CLANG_ENABLE_OBJC_ARC = YES;
				CLANG_ENABLE_OBJC_WEAK = YES;
				CLANG_WARN_BLOCK_CAPTURE_AUTORELEASING = YES;
				CLANG_WARN_BOOL_CONVERSION = YES;
				CLANG_WARN_COMMA = YES;
				CLANG_WARN_CONSTANT_CONVERSION = YES;
				CLANG_WARN_DEPRECATED_OBJC_IMPLEMENTATIONS = YES;
				CLANG_WARN_DIRECT_OBJC_ISA_USAGE = YES_ERROR;
				CLANG_WARN_DOCUMENTATION_COMMENTS = YES;
				CLANG_WARN_EMPTY_BODY = YES;
				CLANG_WARN_ENUM_CONVERSION = YES;
				CLANG_WARN_INFINITE_RECURSION = YES;
				CLANG_WARN_INT_CONVERSION = YES;
				CLANG_WARN_NON_LITERAL_NULL_CONVERSION = YES;
				CLANG_WARN_OBJC_IMPLICIT_RETAIN_SELF = YES;
				CLANG_WARN_OBJC_LITERAL_CONVERSION = YES;
				CLANG_WARN_OBJC_ROOT_CLASS = YES_ERROR;
				CLANG_WARN_QUOTED_INCLUDE_IN_FRAMEWORK_HEADER = YES;
				CLANG_WARN_RANGE_LOOP_ANALYSIS = YES;
				CLANG_WARN_STRICT_PROTOTYPES = YES;
				CLANG_WARN_SUSPICIOUS_MOVE = YES;
				CLANG_WARN_UNGUARDED_AVAILABILITY = YES_AGGRESSIVE;
				CLANG_WARN_UNREACHABLE_CODE = YES;
				CLANG_WARN__DUPLICATE_METHOD_MATCH = YES;
				COPY_PHASE_STRIP = NO;
				DEBUG_INFORMATION_FORMAT = "dwarf-with-dsym";
				ENABLE_NS_ASSERTIONS = NO;
				ENABLE_STRICT_OBJC_MSGSEND = YES;
				GCC_C_LANGUAGE_STANDARD = gnu11;
				GCC_NO_COMMON_BLOCKS = YES;
				GCC_WARN_64_TO_32_BIT_CONVERSION = YES;
				GCC_WARN_ABOUT_RETURN_TYPE = YES_ERROR;
				GCC_WARN_UNDECLARED_SELECTOR = YES;
				GCC_WARN_UNINITIALIZED_AUTOS = YES_AGGRESSIVE;
				GCC_WARN_UNUSED_FUNCTION = YES;
				GCC_WARN_UNUSED_VARIABLE = YES;
				IPHONEOS_DEPLOYMENT_TARGET = 14.4;
				MTL_ENABLE_DEBUG_INFO = NO;
				MTL_FAST_MATH = YES;
				SDKROOT = iphoneos;
				SWIFT_COMPILATION_MODE = wholemodule;
				SWIFT_OPTIMIZATION_LEVEL = "-O";
				VALIDATE_PRODUCT = YES;
			};
			name = Release;
		};
		3F52F947274F9A7B001E324B /* Debug */ = {
			isa = XCBuildConfiguration;
			buildSettings = {
				ASSETCATALOG_COMPILER_APPICON_NAME = AppIcon;
				ASSETCATALOG_COMPILER_GLOBAL_ACCENT_COLOR_NAME = AccentColor;
				CODE_SIGN_STYLE = Automatic;
				INFOPLIST_FILE = HelloWorld/Info.plist;
				LD_RUNPATH_SEARCH_PATHS = (
					"$(inherited)",
					"@executable_path/Frameworks",
				);
				PRODUCT_BUNDLE_IDENTIFIER = com.bmonish.HelloWorld;
				PRODUCT_NAME = "$(TARGET_NAME)";
				SWIFT_VERSION = 5.0;
				TARGETED_DEVICE_FAMILY = "1,2";
			};
			name = Debug;
		};
		3F52F948274F9A7B001E324B /* Release */ = {
			isa = XCBuildConfiguration;
			buildSettings = {
				ASSETCATALOG_COMPILER_APPICON_NAME = AppIcon;
				ASSETCATALOG_COMPILER_GLOBAL_ACCENT_COLOR_NAME = AccentColor;
				CODE_SIGN_STYLE = Automatic;
				INFOPLIST_FILE = HelloWorld/Info.plist;
				LD_RUNPATH_SEARCH_PATHS = (
					"$(inherited)",
					"@executable_path/Frameworks",
				);
				PRODUCT_BUNDLE_IDENTIFIER = com.bmonish.HelloWorld;
				PRODUCT_NAME = "$(TARGET_NAME)";
				SWIFT_VERSION = 5.0;
				TARGETED_DEVICE_FAMILY = "1,2";
			};
			name = Release;
		};
		3F52F94A274F9A7B001E324B /* Debug */ = {
			isa = XCBuildConfiguration;
			buildSettings = {
				ALWAYS_EMBED_SWIFT_STANDARD_LIBRARIES = YES;
				BUNDLE_LOADER = "$(TEST_HOST)";
				CODE_SIGN_STYLE = Automatic;
				INFOPLIST_FILE = HelloWorldTests/Info.plist;
				IPHONEOS_DEPLOYMENT_TARGET = 14.4;
				LD_RUNPATH_SEARCH_PATHS = (
					"$(inherited)",
					"@executable_path/Frameworks",
					"@loader_path/Frameworks",
				);
				PRODUCT_BUNDLE_IDENTIFIER = com.bmonish.HelloWorldTests;
				PRODUCT_NAME = "$(TARGET_NAME)";
				SWIFT_VERSION = 5.0;
				TARGETED_DEVICE_FAMILY = "1,2";
				TEST_HOST = "$(BUILT_PRODUCTS_DIR)/HelloWorld.app/HelloWorld";
			};
			name = Debug;
		};
		3F52F94B274F9A7B001E324B /* Release */ = {
			isa = XCBuildConfiguration;
			buildSettings = {
				ALWAYS_EMBED_SWIFT_STANDARD_LIBRARIES = YES;
				BUNDLE_LOADER = "$(TEST_HOST)";
				CODE_SIGN_STYLE = Automatic;
				INFOPLIST_FILE = HelloWorldTests/Info.plist;
				IPHONEOS_DEPLOYMENT_TARGET = 14.4;
				LD_RUNPATH_SEARCH_PATHS = (
					"$(inherited)",
					"@executable_path/Frameworks",
					"@loader_path/Frameworks",
				);
				PRODUCT_BUNDLE_IDENTIFIER = com.bmonish.HelloWorldTests;
				PRODUCT_NAME = "$(TARGET_NAME)";
				SWIFT_VERSION = 5.0;
				TARGETED_DEVICE_FAMILY = "1,2";
				TEST_HOST = "$(BUILT_PRODUCTS_DIR)/HelloWorld.app/HelloWorld";
			};
			name = Release;
		};
		3F52F94D274F9A7B001E324B /* Debug */ = {
			isa = XCBuildConfiguration;
			buildSettings = {
				ALWAYS_EMBED_SWIFT_STANDARD_LIBRARIES = YES;
				CODE_SIGN_STYLE = Automatic;
				INFOPLIST_FILE = HelloWorldUITests/Info.plist;
				LD_RUNPATH_SEARCH_PATHS = (
					"$(inherited)",
					"@executable_path/Frameworks",
					"@loader_path/Frameworks",
				);
				PRODUCT_BUNDLE_IDENTIFIER = com.bmonish.HelloWorldUITests;
				PRODUCT_NAME = "$(TARGET_NAME)";
				SWIFT_VERSION = 5.0;
				TARGETED_DEVICE_FAMILY = "1,2";
				TEST_TARGET_NAME = HelloWorld;
			};
			name = Debug;
		};
		3F52F94E274F9A7B001E324B /* Release */ = {
			isa = XCBuildConfiguration;
			buildSettings = {
				ALWAYS_EMBED_SWIFT_STANDARD_LIBRARIES = YES;
				CODE_SIGN_STYLE = Automatic;
				INFOPLIST_FILE = HelloWorldUITests/Info.plist;
				LD_RUNPATH_SEARCH_PATHS = (
					"$(inherited)",
					"@executable_path/Frameworks",
					"@loader_path/Frameworks",
				);
				PRODUCT_BUNDLE_IDENTIFIER = com.bmonish.HelloWorldUITests;
				PRODUCT_NAME = "$(TARGET_NAME)";
				SWIFT_VERSION = 5.0;
				TARGETED_DEVICE_FAMILY = "1,2";
				TEST_TARGET_NAME = HelloWorld;
			};
			name = Release;
		};
/* End XCBuildConfiguration section */

/* Begin XCConfigurationList section */
		3F52F917274F9A79001E324B /* Build configuration list for PBXProject "HelloWorld" */ = {
			isa = XCConfigurationList;
			buildConfigurations = (
				3F52F944274F9A7B001E324B /* Debug */,
				3F52F945274F9A7B001E324B /* Release */,
			);
			defaultConfigurationIsVisible = 0;
			defaultConfigurationName = Release;
		};
		3F52F946274F9A7B001E324B /* Build configuration list for PBXNativeTarget "HelloWorld" */ = {
			isa = XCConfigurationList;
			buildConfigurations = (
				3F52F947274F9A7B001E324B /* Debug */,
				3F52F948274F9A7B001E324B /* Release */,
			);
			defaultConfigurationIsVisible = 0;
			defaultConfigurationName = Release;
		};
		3F52F949274F9A7B001E324B /* Build configuration list for PBXNativeTarget "HelloWorldTests" */ = {
			isa = XCConfigurationList;
			buildConfigurations = (
				3F52F94A274F9A7B001E324B /* Debug */,
				3F52F94B274F9A7B001E324B /* Release */,
			);
			defaultConfigurationIsVisible = 0;
			defaultConfigurationName = Release;
		};
		3F52F94C274F9A7B001E324B /* Build configuration list for PBXNativeTarget "HelloWorldUITests" */ = {
			isa = XCConfigurationList;
			buildConfigurations = (
				3F52F94D274F9A7B001E324B /* Debug */,
				3F52F94E274F9A7B001E324B /* Release */,
			);
			defaultConfigurationIsVisible = 0;
			defaultConfigurationName = Release;
		};
/* End XCConfigurationList section */
	};
	rootObject = 3F52F914274F9A79001E324B /* Project object */;
}
